
Microsoft Visual Studio Solution File, Format Version 12.00
# Visual Studio 2013
VisualStudioVersion = 12.0.30110.0
MinimumVisualStudioVersion = 10.0.40219.1
Project("{8BC9CEB8-8B4A-11D0-8D11-00A0C91BC942}") = "Engine", "Engine\Engine.vcxproj", "{360ECAAB-0F7C-41B0-B032-07D069B51A7D}"
EndProject
Project("{8BC9CEB8-8B4A-11D0-8D11-00A0C91BC942}") = "Test", "Test\Test.vcxproj", "{A86B4AA4-38CA-4F5B-B422-585A6960EB13}"
EndProject
Project("{8BC9CEB8-8B4A-11D0-8D11-00A0C91BC942}") = "MapEditor", "MapEditor\MapEditor.vcxproj", "{45322A1B-931B-451B-94D7-FB88C28FC874}"
EndProject
Global
	GlobalSection(SolutionConfigurationPlatforms) = preSolution
		Debug|Win32 = Debug|Win32
		Release|Win32 = Release|Win32
	EndGlobalSection
	GlobalSection(ProjectConfigurationPlatforms) = postSolution
		{360ECAAB-0F7C-41B0-B032-07D069B51A7D}.Debug|Win32.ActiveCfg = Debug|Win32
		{360ECAAB-0F7C-41B0-B032-07D069B51A7D}.Debug|Win32.Build.0 = Debug|Win32
		{360ECAAB-0F7C-41B0-B032-07D069B51A7D}.Release|Win32.ActiveCfg = Release|Win32
		{360ECAAB-0F7C-41B0-B032-07D069B51A7D}.Release|Win32.Build.0 = Release|Win32
		{A86B4AA4-38CA-4F5B-B422-585A6960EB13}.Debug|Win32.ActiveCfg = Debug|Win32
		{A86B4AA4-38CA-4F5B-B422-585A6960EB13}.Debug|Win32.Build.0 = Debug|Win32
		{A86B4AA4-38CA-4F5B-B422-585A6960EB13}.Release|Win32.ActiveCfg = Release|Win32
		{A86B4AA4-38CA-4F5B-B422-585A6960EB13}.Release|Win32.Build.0 = Release|Win32
		{45322A1B-931B-451B-94D7-FB88C28FC874}.Debug|Win32.ActiveCfg = Debug|Win32
		{45322A1B-931B-451B-94D7-FB88C28FC874}.Debug|Win32.Build.0 = Debug|Win32
		{45322A1B-931B-451B-94D7-FB88C28FC874}.Release|Win32.ActiveCfg = Release|Win32
		{45322A1B-931B-451B-94D7-FB88C28FC874}.Release|Win32.Build.0 = Release|Win32
	EndGlobalSection
	GlobalSection(SolutionProperties) = preSolution
		HideSolutionNode = FALSE
	EndGlobalSection
EndGlobal
